{
  "plugin_type": "extractors",
  "name": "tap-google-analytics-v4",
  "namespace": "tap_google_analytics_v4",
  "label": "tap-google-analytics-v4",
  "pip_url": "git+https://github.com/connor-ruggable/tap-google-analytics-v4.git",
  "executable": "tap-google-analytics",
  "capabilities": [
    "catalog",
    "discover",
    "state",
    "about",
    "stream-maps"
  ],
  "settings": [
    {
      "name": "key_file_location"
    },
    {
      "name": "reports"
    },
    {
      "name": "property_id"
    },
    {
      "name": "start_date",
      "kind": "date_iso8601"
    },
    {
      "name": "end_date",
      "kind": "date_iso8601"
    }
  ]
}